
Microsoft Visual Studio Solution File, Format Version 12.00
# Visual Studio Version 17
VisualStudioVersion = 17.1.32228.430
MinimumVisualStudioVersion = 10.0.40219.1
Project("{8BC9CEB8-8B4A-11D0-8D11-00A0C91BC942}") = "Project2", "Project2\Project2.vcxproj", "{9127366C-0E2B-4EE5-BC85-5659C7D56BAA}"
EndProject
Global
	GlobalSection(SolutionConfigurationPlatforms) = preSolution
		Debug|x64 = Debug|x64
		Debug|x86 = Debug|x86
		Release|x64 = Release|x64
		Release|x86 = Release|x86
	EndGlobalSection
	GlobalSection(ProjectConfigurationPlatforms) = postSolution
		{9127366C-0E2B-4EE5-BC85-5659C7D56BAA}.Debug|x64.ActiveCfg = Debug|x64
		{9127366C-0E2B-4EE5-BC85-5659C7D56BAA}.Debug|x64.Build.0 = Debug|x64
		{9127366C-0E2B-4EE5-BC85-5659C7D56BAA}.Debug|x86.ActiveCfg = Debug|Win32
		{9127366C-0E2B-4EE5-BC85-5659C7D56BAA}.Debug|x86.Build.0 = Debug|Win32
		{9127366C-0E2B-4EE5-BC85-5659C7D56BAA}.Release|x64.ActiveCfg = Release|x64
		{9127366C-0E2B-4EE5-BC85-5659C7D56BAA}.Release|x64.Build.0 = Release|x64
		{9127366C-0E2B-4EE5-BC85-5659C7D56BAA}.Release|x86.ActiveCfg = Release|Win32
		{9127366C-0E2B-4EE5-BC85-5659C7D56BAA}.Release|x86.Build.0 = Release|Win32
	EndGlobalSection
	GlobalSection(SolutionProperties) = preSolution
		HideSolutionNode = FALSE
	EndGlobalSection
	GlobalSection(ExtensibilityGlobals) = postSolution
		SolutionGuid = {C44D8253-8C73-419F-86A5-BBB3786A4F37}
	EndGlobalSection
EndGlobal
