
Microsoft Visual Studio Solution File, Format Version 12.00
# Visual Studio Version 17
VisualStudioVersion = 17.1.32228.430
MinimumVisualStudioVersion = 10.0.40219.1
Project("{8BC9CEB8-8B4A-11D0-8D11-00A0C91BC942}") = "Project2", "Project2\Project2.vcxproj", "{6D190E62-8349-4238-9A6B-1354FF9CCB8E}"
EndProject
Global
	GlobalSection(SolutionConfigurationPlatforms) = preSolution
		Debug|x64 = Debug|x64
		Debug|x86 = Debug|x86
		Release|x64 = Release|x64
		Release|x86 = Release|x86
	EndGlobalSection
	GlobalSection(ProjectConfigurationPlatforms) = postSolution
		{6D190E62-8349-4238-9A6B-1354FF9CCB8E}.Debug|x64.ActiveCfg = Debug|x64
		{6D190E62-8349-4238-9A6B-1354FF9CCB8E}.Debug|x64.Build.0 = Debug|x64
		{6D190E62-8349-4238-9A6B-1354FF9CCB8E}.Debug|x86.ActiveCfg = Debug|Win32
		{6D190E62-8349-4238-9A6B-1354FF9CCB8E}.Debug|x86.Build.0 = Debug|Win32
		{6D190E62-8349-4238-9A6B-1354FF9CCB8E}.Release|x64.ActiveCfg = Release|x64
		{6D190E62-8349-4238-9A6B-1354FF9CCB8E}.Release|x64.Build.0 = Release|x64
		{6D190E62-8349-4238-9A6B-1354FF9CCB8E}.Release|x86.ActiveCfg = Release|Win32
		{6D190E62-8349-4238-9A6B-1354FF9CCB8E}.Release|x86.Build.0 = Release|Win32
	EndGlobalSection
	GlobalSection(SolutionProperties) = preSolution
		HideSolutionNode = FALSE
	EndGlobalSection
	GlobalSection(ExtensibilityGlobals) = postSolution
		SolutionGuid = {73162D34-0109-4E3A-B55E-DD28B009FE81}
	EndGlobalSection
EndGlobal
