
Microsoft Visual Studio Solution File, Format Version 12.00
# Visual Studio Version 17
VisualStudioVersion = 17.1.32228.430
MinimumVisualStudioVersion = 10.0.40219.1
Project("{8BC9CEB8-8B4A-11D0-8D11-00A0C91BC942}") = "Project3", "Project3\Project3.vcxproj", "{23A20EFE-876D-4E7E-8D35-2C2B01078398}"
EndProject
Global
	GlobalSection(SolutionConfigurationPlatforms) = preSolution
		Debug|x64 = Debug|x64
		Debug|x86 = Debug|x86
		Release|x64 = Release|x64
		Release|x86 = Release|x86
	EndGlobalSection
	GlobalSection(ProjectConfigurationPlatforms) = postSolution
		{23A20EFE-876D-4E7E-8D35-2C2B01078398}.Debug|x64.ActiveCfg = Debug|x64
		{23A20EFE-876D-4E7E-8D35-2C2B01078398}.Debug|x64.Build.0 = Debug|x64
		{23A20EFE-876D-4E7E-8D35-2C2B01078398}.Debug|x86.ActiveCfg = Debug|Win32
		{23A20EFE-876D-4E7E-8D35-2C2B01078398}.Debug|x86.Build.0 = Debug|Win32
		{23A20EFE-876D-4E7E-8D35-2C2B01078398}.Release|x64.ActiveCfg = Release|x64
		{23A20EFE-876D-4E7E-8D35-2C2B01078398}.Release|x64.Build.0 = Release|x64
		{23A20EFE-876D-4E7E-8D35-2C2B01078398}.Release|x86.ActiveCfg = Release|Win32
		{23A20EFE-876D-4E7E-8D35-2C2B01078398}.Release|x86.Build.0 = Release|Win32
	EndGlobalSection
	GlobalSection(SolutionProperties) = preSolution
		HideSolutionNode = FALSE
	EndGlobalSection
	GlobalSection(ExtensibilityGlobals) = postSolution
		SolutionGuid = {EA778F19-AE4A-4249-96A6-6B11780DB929}
	EndGlobalSection
EndGlobal
